
Microsoft Visual Studio Solution File, Format Version 12.00
# Visual Studio Version 16
VisualStudioVersion = 16.0.32929.386
MinimumVisualStudioVersion = 10.0.40219.1
Project("{8BC9CEB8-8B4A-11D0-8D11-00A0C91BC942}") = "Queue", "Queue\Queue.vcxproj", "{278E9789-2CF5-453D-9498-2CEAAEAC5BEB}"
EndProject
Project("{8BC9CEB8-8B4A-11D0-8D11-00A0C91BC942}") = "TetsQueue", "TetsQueue\TetsQueue.vcxproj", "{B9948892-899D-49CF-A8F5-3D19ADDD8958}"
EndProject
Global
	GlobalSection(SolutionConfigurationPlatforms) = preSolution
		Debug|Any CPU = Debug|Any CPU
		Debug|x64 = Debug|x64
		Debug|x86 = Debug|x86
		Release|Any CPU = Release|Any CPU
		Release|x64 = Release|x64
		Release|x86 = Release|x86
	EndGlobalSection
	GlobalSection(ProjectConfigurationPlatforms) = postSolution
		{278E9789-2CF5-453D-9498-2CEAAEAC5BEB}.Debug|Any CPU.ActiveCfg = Debug|Win32
		{278E9789-2CF5-453D-9498-2CEAAEAC5BEB}.Debug|x64.ActiveCfg = Debug|x64
		{278E9789-2CF5-453D-9498-2CEAAEAC5BEB}.Debug|x64.Build.0 = Debug|x64
		{278E9789-2CF5-453D-9498-2CEAAEAC5BEB}.Debug|x86.ActiveCfg = Debug|Win32
		{278E9789-2CF5-453D-9498-2CEAAEAC5BEB}.Debug|x86.Build.0 = Debug|Win32
		{278E9789-2CF5-453D-9498-2CEAAEAC5BEB}.Release|Any CPU.ActiveCfg = Release|Win32
		{278E9789-2CF5-453D-9498-2CEAAEAC5BEB}.Release|x64.ActiveCfg = Release|x64
		{278E9789-2CF5-453D-9498-2CEAAEAC5BEB}.Release|x64.Build.0 = Release|x64
		{278E9789-2CF5-453D-9498-2CEAAEAC5BEB}.Release|x86.ActiveCfg = Release|Win32
		{278E9789-2CF5-453D-9498-2CEAAEAC5BEB}.Release|x86.Build.0 = Release|Win32
		{B9948892-899D-49CF-A8F5-3D19ADDD8958}.Debug|Any CPU.ActiveCfg = Debug|Win32
		{B9948892-899D-49CF-A8F5-3D19ADDD8958}.Debug|x64.ActiveCfg = Debug|x64
		{B9948892-899D-49CF-A8F5-3D19ADDD8958}.Debug|x64.Build.0 = Debug|x64
		{B9948892-899D-49CF-A8F5-3D19ADDD8958}.Debug|x86.ActiveCfg = Debug|Win32
		{B9948892-899D-49CF-A8F5-3D19ADDD8958}.Debug|x86.Build.0 = Debug|Win32
		{B9948892-899D-49CF-A8F5-3D19ADDD8958}.Release|Any CPU.ActiveCfg = Release|Win32
		{B9948892-899D-49CF-A8F5-3D19ADDD8958}.Release|x64.ActiveCfg = Release|x64
		{B9948892-899D-49CF-A8F5-3D19ADDD8958}.Release|x64.Build.0 = Release|x64
		{B9948892-899D-49CF-A8F5-3D19ADDD8958}.Release|x86.ActiveCfg = Release|Win32
		{B9948892-899D-49CF-A8F5-3D19ADDD8958}.Release|x86.Build.0 = Release|Win32
	EndGlobalSection
	GlobalSection(SolutionProperties) = preSolution
		HideSolutionNode = FALSE
	EndGlobalSection
	GlobalSection(ExtensibilityGlobals) = postSolution
		SolutionGuid = {4C62C1BF-3C77-4B6E-90A0-0D4F1151E6F8}
	EndGlobalSection
EndGlobal
